
Microsoft Visual Studio Solution File, Format Version 11.00
# Visual Studio 2010
Project("{FAE04EC0-301F-11D3-BF4B-00C04F79EFBC}") = "firepwd.net", "firepwd\firepwd.net.csproj", "{A712D742-811F-4DBF-A8F4-1A685B4CF394}"
EndProject
Global
	GlobalSection(SolutionConfigurationPlatforms) = preSolution
		Debug|x64 = Debug|x64
		Debug|x86 = Debug|x86
		Release|x64 = Release|x64
		Release|x86 = Release|x86
	EndGlobalSection
	GlobalSection(ProjectConfigurationPlatforms) = postSolution
		{A712D742-811F-4DBF-A8F4-1A685B4CF394}.Debug|x64.ActiveCfg = Debug|x64
		{A712D742-811F-4DBF-A8F4-1A685B4CF394}.Debug|x64.Build.0 = Debug|x64
		{A712D742-811F-4DBF-A8F4-1A685B4CF394}.Debug|x86.ActiveCfg = Debug|x86
		{A712D742-811F-4DBF-A8F4-1A685B4CF394}.Debug|x86.Build.0 = Debug|x86
		{A712D742-811F-4DBF-A8F4-1A685B4CF394}.Release|x64.ActiveCfg = Release|x64
		{A712D742-811F-4DBF-A8F4-1A685B4CF394}.Release|x64.Build.0 = Release|x64
		{A712D742-811F-4DBF-A8F4-1A685B4CF394}.Release|x86.ActiveCfg = Release|x86
		{A712D742-811F-4DBF-A8F4-1A685B4CF394}.Release|x86.Build.0 = Release|x86
	EndGlobalSection
	GlobalSection(SolutionProperties) = preSolution
		HideSolutionNode = FALSE
	EndGlobalSection
	GlobalSection(MonoDevelopProperties) = preSolution
		StartupItem = firepwd\firepwd.csproj
	EndGlobalSection
EndGlobal
